{
  "version": 4,
  "terraform_version": "1.7.4",
  "serial": 5,
  "lineage": "752cf450-8095-0e92-f5ec-e5af55b3c223",
  "outputs": {},
  "resources": [
    {
      "mode": "managed",
      "type": "azurerm_resource_group",
      "name": "rgRailHealth",
      "provider": "provider[\"registry.terraform.io/hashicorp/azurerm\"]",
      "instances": [
        {
          "schema_version": 0,
          "attributes": {
            "id": "/subscriptions/c0c15b2e-abda-4c06-9e00-9bf67a616503/resourceGroups/Rail-Health",
            "location": "germanywestcentral",
            "managed_by": "",
            "name": "Rail-Health",
            "tags": {
              "PROJECT": "rail-health"
            },
            "timeouts": null
          },
          "sensitive_attributes": [],
          "private": "eyJlMmJmYjczMC1lY2FhLTExZTYtOGY4OC0zNDM2M2JjN2M0YzAiOnsiY3JlYXRlIjo1NDAwMDAwMDAwMDAwLCJkZWxldGUiOjU0MDAwMDAwMDAwMDAsInJlYWQiOjMwMDAwMDAwMDAwMCwidXBkYXRlIjo1NDAwMDAwMDAwMDAwfX0="
        }
      ]
    }
  ],
  "check_results": null
}
